{
  "name": "adventure-on-lochwood-drive",
  "version": "1.0.0",
  "lockfileVersion": 1,
  "requires": true,
  "dependencies": {
    "coffeescript": {
      "version": "2.5.1",
      "resolved": "https://registry.npmjs.org/coffeescript/-/coffeescript-2.5.1.tgz",
      "integrity": "sha512-J2jRPX0eeFh5VKyVnoLrfVFgLZtnnmp96WQSLAS8OrLm2wtQLcnikYKe1gViJKDH7vucjuhHvBKKBP3rKcD1tQ==",
      "dev": true
    },
    "superfine": {
      "version": "8.0.10",
      "resolved": "https://registry.npmjs.org/superfine/-/superfine-8.0.10.tgz",
      "integrity": "sha512-Z4CvPf5+KLMtEoT7hnFz3u8mEEUO6OM3xihF8lhyAgcOoeeX7jxXov0FWIMP/sMN2odoofzdSUFRm/DdL9InZQ=="
    }
  }
}
